
Microsoft Visual Studio Solution File, Format Version 12.00
# Visual Studio Version 17
VisualStudioVersion = 17.0.32014.148
MinimumVisualStudioVersion = 10.0.40219.1
Project("{FAE04EC0-301F-11D3-BF4B-00C04F79EFBC}") = "PaymentForLong-distanceCalls", "PaymentForLong-distanceCalls\PaymentForLong-distanceCalls.csproj", "{32910C4A-F45A-4F72-B64E-662E53FB7F05}"
EndProject
Global
	GlobalSection(SolutionConfigurationPlatforms) = preSolution
		Debug|Any CPU = Debug|Any CPU
		Release|Any CPU = Release|Any CPU
	EndGlobalSection
	GlobalSection(ProjectConfigurationPlatforms) = postSolution
		{32910C4A-F45A-4F72-B64E-662E53FB7F05}.Debug|Any CPU.ActiveCfg = Debug|Any CPU
		{32910C4A-F45A-4F72-B64E-662E53FB7F05}.Debug|Any CPU.Build.0 = Debug|Any CPU
		{32910C4A-F45A-4F72-B64E-662E53FB7F05}.Release|Any CPU.ActiveCfg = Release|Any CPU
		{32910C4A-F45A-4F72-B64E-662E53FB7F05}.Release|Any CPU.Build.0 = Release|Any CPU
	EndGlobalSection
	GlobalSection(SolutionProperties) = preSolution
		HideSolutionNode = FALSE
	EndGlobalSection
	GlobalSection(ExtensibilityGlobals) = postSolution
		SolutionGuid = {0BE43E3F-1E16-43FF-97E8-C3438403E98F}
	EndGlobalSection
EndGlobal
